
Microsoft Visual Studio Solution File, Format Version 11.00
# Visual Studio 2010
Project("{FAE04EC0-301F-11D3-BF4B-00C04F79EFBC}") = "ShadowShootout", "ShadowShootout\ShadowShootout\ShadowShootout.csproj", "{6F16A0E2-12F4-4255-8AB0-431D5F8FD44D}"
EndProject
Project("{FAE04EC0-301F-11D3-BF4B-00C04F79EFBC}") = "ShadowShootoutContent", "ShadowShootout\ShadowShootoutContent\ShadowShootoutContent.contentproj", "{5F604802-D77D-490C-81D0-FBA3E7EA6F61}"
EndProject
Project("{FAE04EC0-301F-11D3-BF4B-00C04F79EFBC}") = "Krypton", "Krypton v2.0\Krypton\Krypton.csproj", "{B1BFCB2A-C001-4DAC-BA7D-B68BF28757F3}"
EndProject
Project("{FAE04EC0-301F-11D3-BF4B-00C04F79EFBC}") = "TDGameLibrary", "TDGameLibrary\TDGameLibrary.csproj", "{FE0F93EE-376D-4B07-B4E2-3A388370A4DD}"
EndProject
Project("{FAE04EC0-301F-11D3-BF4B-00C04F79EFBC}") = "Farseer Physics XNA", "Farseer Physics Engine 3.3.1 XNA\Farseer Physics XNA.csproj", "{0A850700-1ABB-4288-A391-6726B90EBEB9}"
EndProject
Project("{FAE04EC0-301F-11D3-BF4B-00C04F79EFBC}") = "Xbox 360 Copy of Farseer Physics XNA", "Farseer Physics Engine 3.3.1 XNA\Xbox 360 Copy of Farseer Physics XNA.csproj", "{5690436C-C3A6-40E9-9A68-0E60503C74F2}"
EndProject
Project("{FAE04EC0-301F-11D3-BF4B-00C04F79EFBC}") = "Xbox 360 Copy of Krypton", "Krypton v2.0\Krypton\Xbox 360 Copy of Krypton.csproj", "{6A443FA9-A601-4010-B526-4BB0C6EA4C4F}"
EndProject
Project("{FAE04EC0-301F-11D3-BF4B-00C04F79EFBC}") = "Xbox 360 Copy (2) of TDGameLibrary", "TDGameLibrary\Xbox 360 Copy (2) of TDGameLibrary.csproj", "{F94046AE-9CB2-4A24-9E4D-6542EE5D452D}"
EndProject
Project("{FAE04EC0-301F-11D3-BF4B-00C04F79EFBC}") = "Xbox 360 Copy of ShadowShootout", "ShadowShootout\ShadowShootout\Xbox 360 Copy of ShadowShootout.csproj", "{287800C7-6B69-4877-B186-08D021C6393D}"
EndProject
Global
	GlobalSection(SolutionConfigurationPlatforms) = preSolution
		Debug|Mixed Platforms = Debug|Mixed Platforms
		Debug|x86 = Debug|x86
		Debug|Xbox 360 = Debug|Xbox 360
		Release|Mixed Platforms = Release|Mixed Platforms
		Release|x86 = Release|x86
		Release|Xbox 360 = Release|Xbox 360
		XBoxDebug|Mixed Platforms = XBoxDebug|Mixed Platforms
		XBoxDebug|x86 = XBoxDebug|x86
		XBoxDebug|Xbox 360 = XBoxDebug|Xbox 360
	EndGlobalSection
	GlobalSection(ProjectConfigurationPlatforms) = postSolution
		{6F16A0E2-12F4-4255-8AB0-431D5F8FD44D}.Debug|Mixed Platforms.ActiveCfg = Debug|x86
		{6F16A0E2-12F4-4255-8AB0-431D5F8FD44D}.Debug|Mixed Platforms.Build.0 = Debug|x86
		{6F16A0E2-12F4-4255-8AB0-431D5F8FD44D}.Debug|x86.ActiveCfg = Debug|x86
		{6F16A0E2-12F4-4255-8AB0-431D5F8FD44D}.Debug|x86.Build.0 = Debug|x86
		{6F16A0E2-12F4-4255-8AB0-431D5F8FD44D}.Debug|Xbox 360.ActiveCfg = Debug|x86
		{6F16A0E2-12F4-4255-8AB0-431D5F8FD44D}.Debug|Xbox 360.Build.0 = Debug|x86
		{6F16A0E2-12F4-4255-8AB0-431D5F8FD44D}.Release|Mixed Platforms.ActiveCfg = Release|x86
		{6F16A0E2-12F4-4255-8AB0-431D5F8FD44D}.Release|Mixed Platforms.Build.0 = Release|x86
		{6F16A0E2-12F4-4255-8AB0-431D5F8FD44D}.Release|x86.ActiveCfg = Release|x86
		{6F16A0E2-12F4-4255-8AB0-431D5F8FD44D}.Release|x86.Build.0 = Release|x86
		{6F16A0E2-12F4-4255-8AB0-431D5F8FD44D}.Release|Xbox 360.ActiveCfg = Release|x86
		{6F16A0E2-12F4-4255-8AB0-431D5F8FD44D}.Release|Xbox 360.Build.0 = Release|x86
		{6F16A0E2-12F4-4255-8AB0-431D5F8FD44D}.XBoxDebug|Mixed Platforms.ActiveCfg = Debug|x86
		{6F16A0E2-12F4-4255-8AB0-431D5F8FD44D}.XBoxDebug|Mixed Platforms.Build.0 = Debug|x86
		{6F16A0E2-12F4-4255-8AB0-431D5F8FD44D}.XBoxDebug|x86.ActiveCfg = Debug|x86
		{6F16A0E2-12F4-4255-8AB0-431D5F8FD44D}.XBoxDebug|x86.Build.0 = Debug|x86
		{6F16A0E2-12F4-4255-8AB0-431D5F8FD44D}.XBoxDebug|Xbox 360.ActiveCfg = Debug|x86
		{6F16A0E2-12F4-4255-8AB0-431D5F8FD44D}.XBoxDebug|Xbox 360.Build.0 = Debug|x86
		{5F604802-D77D-490C-81D0-FBA3E7EA6F61}.Debug|Mixed Platforms.ActiveCfg = Debug|x86
		{5F604802-D77D-490C-81D0-FBA3E7EA6F61}.Debug|x86.ActiveCfg = Debug|x86
		{5F604802-D77D-490C-81D0-FBA3E7EA6F61}.Debug|Xbox 360.ActiveCfg = Debug|x86
		{5F604802-D77D-490C-81D0-FBA3E7EA6F61}.Release|Mixed Platforms.ActiveCfg = Release|x86
		{5F604802-D77D-490C-81D0-FBA3E7EA6F61}.Release|x86.ActiveCfg = Release|x86
		{5F604802-D77D-490C-81D0-FBA3E7EA6F61}.Release|Xbox 360.ActiveCfg = Release|x86
		{5F604802-D77D-490C-81D0-FBA3E7EA6F61}.XBoxDebug|Mixed Platforms.ActiveCfg = Debug|x86
		{5F604802-D77D-490C-81D0-FBA3E7EA6F61}.XBoxDebug|x86.ActiveCfg = Debug|x86
		{5F604802-D77D-490C-81D0-FBA3E7EA6F61}.XBoxDebug|Xbox 360.ActiveCfg = Debug|x86
		{B1BFCB2A-C001-4DAC-BA7D-B68BF28757F3}.Debug|Mixed Platforms.ActiveCfg = Debug|x86
		{B1BFCB2A-C001-4DAC-BA7D-B68BF28757F3}.Debug|Mixed Platforms.Build.0 = Debug|x86
		{B1BFCB2A-C001-4DAC-BA7D-B68BF28757F3}.Debug|x86.ActiveCfg = Debug|x86
		{B1BFCB2A-C001-4DAC-BA7D-B68BF28757F3}.Debug|x86.Build.0 = Debug|x86
		{B1BFCB2A-C001-4DAC-BA7D-B68BF28757F3}.Debug|Xbox 360.ActiveCfg = Debug|x86
		{B1BFCB2A-C001-4DAC-BA7D-B68BF28757F3}.Debug|Xbox 360.Build.0 = Debug|x86
		{B1BFCB2A-C001-4DAC-BA7D-B68BF28757F3}.Release|Mixed Platforms.ActiveCfg = Release|x86
		{B1BFCB2A-C001-4DAC-BA7D-B68BF28757F3}.Release|Mixed Platforms.Build.0 = Release|x86
		{B1BFCB2A-C001-4DAC-BA7D-B68BF28757F3}.Release|x86.ActiveCfg = Release|x86
		{B1BFCB2A-C001-4DAC-BA7D-B68BF28757F3}.Release|x86.Build.0 = Release|x86
		{B1BFCB2A-C001-4DAC-BA7D-B68BF28757F3}.Release|Xbox 360.ActiveCfg = Release|x86
		{B1BFCB2A-C001-4DAC-BA7D-B68BF28757F3}.Release|Xbox 360.Build.0 = Release|x86
		{B1BFCB2A-C001-4DAC-BA7D-B68BF28757F3}.XBoxDebug|Mixed Platforms.ActiveCfg = Debug|x86
		{B1BFCB2A-C001-4DAC-BA7D-B68BF28757F3}.XBoxDebug|Mixed Platforms.Build.0 = Debug|x86
		{B1BFCB2A-C001-4DAC-BA7D-B68BF28757F3}.XBoxDebug|x86.ActiveCfg = Debug|x86
		{B1BFCB2A-C001-4DAC-BA7D-B68BF28757F3}.XBoxDebug|x86.Build.0 = Debug|x86
		{B1BFCB2A-C001-4DAC-BA7D-B68BF28757F3}.XBoxDebug|Xbox 360.ActiveCfg = Debug|x86
		{B1BFCB2A-C001-4DAC-BA7D-B68BF28757F3}.XBoxDebug|Xbox 360.Build.0 = Debug|x86
		{FE0F93EE-376D-4B07-B4E2-3A388370A4DD}.Debug|Mixed Platforms.ActiveCfg = Debug|x86
		{FE0F93EE-376D-4B07-B4E2-3A388370A4DD}.Debug|Mixed Platforms.Build.0 = Debug|x86
		{FE0F93EE-376D-4B07-B4E2-3A388370A4DD}.Debug|x86.ActiveCfg = Debug|x86
		{FE0F93EE-376D-4B07-B4E2-3A388370A4DD}.Debug|x86.Build.0 = Debug|x86
		{FE0F93EE-376D-4B07-B4E2-3A388370A4DD}.Debug|Xbox 360.ActiveCfg = Debug|x86
		{FE0F93EE-376D-4B07-B4E2-3A388370A4DD}.Debug|Xbox 360.Build.0 = Debug|x86
		{FE0F93EE-376D-4B07-B4E2-3A388370A4DD}.Release|Mixed Platforms.ActiveCfg = Release|x86
		{FE0F93EE-376D-4B07-B4E2-3A388370A4DD}.Release|Mixed Platforms.Build.0 = Release|x86
		{FE0F93EE-376D-4B07-B4E2-3A388370A4DD}.Release|x86.ActiveCfg = Release|x86
		{FE0F93EE-376D-4B07-B4E2-3A388370A4DD}.Release|x86.Build.0 = Release|x86
		{FE0F93EE-376D-4B07-B4E2-3A388370A4DD}.Release|Xbox 360.ActiveCfg = Release|x86
		{FE0F93EE-376D-4B07-B4E2-3A388370A4DD}.Release|Xbox 360.Build.0 = Release|x86
		{FE0F93EE-376D-4B07-B4E2-3A388370A4DD}.XBoxDebug|Mixed Platforms.ActiveCfg = XBoxDebug|x86
		{FE0F93EE-376D-4B07-B4E2-3A388370A4DD}.XBoxDebug|Mixed Platforms.Build.0 = XBoxDebug|x86
		{FE0F93EE-376D-4B07-B4E2-3A388370A4DD}.XBoxDebug|x86.ActiveCfg = XBoxDebug|x86
		{FE0F93EE-376D-4B07-B4E2-3A388370A4DD}.XBoxDebug|x86.Build.0 = XBoxDebug|x86
		{FE0F93EE-376D-4B07-B4E2-3A388370A4DD}.XBoxDebug|Xbox 360.ActiveCfg = XBoxDebug|x86
		{FE0F93EE-376D-4B07-B4E2-3A388370A4DD}.XBoxDebug|Xbox 360.Build.0 = XBoxDebug|x86
		{0A850700-1ABB-4288-A391-6726B90EBEB9}.Debug|Mixed Platforms.ActiveCfg = Debug|x86
		{0A850700-1ABB-4288-A391-6726B90EBEB9}.Debug|Mixed Platforms.Build.0 = Debug|x86
		{0A850700-1ABB-4288-A391-6726B90EBEB9}.Debug|x86.ActiveCfg = Debug|x86
		{0A850700-1ABB-4288-A391-6726B90EBEB9}.Debug|x86.Build.0 = Debug|x86
		{0A850700-1ABB-4288-A391-6726B90EBEB9}.Debug|Xbox 360.ActiveCfg = Debug|x86
		{0A850700-1ABB-4288-A391-6726B90EBEB9}.Debug|Xbox 360.Build.0 = Debug|x86
		{0A850700-1ABB-4288-A391-6726B90EBEB9}.Release|Mixed Platforms.ActiveCfg = Release|x86
		{0A850700-1ABB-4288-A391-6726B90EBEB9}.Release|Mixed Platforms.Build.0 = Release|x86
		{0A850700-1ABB-4288-A391-6726B90EBEB9}.Release|x86.ActiveCfg = Release|x86
		{0A850700-1ABB-4288-A391-6726B90EBEB9}.Release|x86.Build.0 = Release|x86
		{0A850700-1ABB-4288-A391-6726B90EBEB9}.Release|Xbox 360.ActiveCfg = Release|x86
		{0A850700-1ABB-4288-A391-6726B90EBEB9}.Release|Xbox 360.Build.0 = Release|x86
		{0A850700-1ABB-4288-A391-6726B90EBEB9}.XBoxDebug|Mixed Platforms.ActiveCfg = XBoxDebug|x86
		{0A850700-1ABB-4288-A391-6726B90EBEB9}.XBoxDebug|Mixed Platforms.Build.0 = XBoxDebug|x86
		{0A850700-1ABB-4288-A391-6726B90EBEB9}.XBoxDebug|x86.ActiveCfg = XBoxDebug|x86
		{0A850700-1ABB-4288-A391-6726B90EBEB9}.XBoxDebug|x86.Build.0 = XBoxDebug|x86
		{0A850700-1ABB-4288-A391-6726B90EBEB9}.XBoxDebug|Xbox 360.ActiveCfg = XBoxDebug|x86
		{0A850700-1ABB-4288-A391-6726B90EBEB9}.XBoxDebug|Xbox 360.Build.0 = XBoxDebug|x86
		{5690436C-C3A6-40E9-9A68-0E60503C74F2}.Debug|Mixed Platforms.ActiveCfg = Debug|Xbox 360
		{5690436C-C3A6-40E9-9A68-0E60503C74F2}.Debug|Mixed Platforms.Build.0 = Debug|Xbox 360
		{5690436C-C3A6-40E9-9A68-0E60503C74F2}.Debug|x86.ActiveCfg = Debug|Xbox 360
		{5690436C-C3A6-40E9-9A68-0E60503C74F2}.Debug|Xbox 360.ActiveCfg = Debug|Xbox 360
		{5690436C-C3A6-40E9-9A68-0E60503C74F2}.Debug|Xbox 360.Build.0 = Debug|Xbox 360
		{5690436C-C3A6-40E9-9A68-0E60503C74F2}.Release|Mixed Platforms.ActiveCfg = Release|Xbox 360
		{5690436C-C3A6-40E9-9A68-0E60503C74F2}.Release|Mixed Platforms.Build.0 = Release|Xbox 360
		{5690436C-C3A6-40E9-9A68-0E60503C74F2}.Release|x86.ActiveCfg = Release|Xbox 360
		{5690436C-C3A6-40E9-9A68-0E60503C74F2}.Release|Xbox 360.ActiveCfg = Release|Xbox 360
		{5690436C-C3A6-40E9-9A68-0E60503C74F2}.Release|Xbox 360.Build.0 = Release|Xbox 360
		{5690436C-C3A6-40E9-9A68-0E60503C74F2}.XBoxDebug|Mixed Platforms.ActiveCfg = Debug|Xbox 360
		{5690436C-C3A6-40E9-9A68-0E60503C74F2}.XBoxDebug|Mixed Platforms.Build.0 = Debug|Xbox 360
		{5690436C-C3A6-40E9-9A68-0E60503C74F2}.XBoxDebug|x86.ActiveCfg = Debug|Xbox 360
		{5690436C-C3A6-40E9-9A68-0E60503C74F2}.XBoxDebug|Xbox 360.ActiveCfg = Debug|Xbox 360
		{5690436C-C3A6-40E9-9A68-0E60503C74F2}.XBoxDebug|Xbox 360.Build.0 = Debug|Xbox 360
		{6A443FA9-A601-4010-B526-4BB0C6EA4C4F}.Debug|Mixed Platforms.ActiveCfg = Debug|Xbox 360
		{6A443FA9-A601-4010-B526-4BB0C6EA4C4F}.Debug|Mixed Platforms.Build.0 = Debug|Xbox 360
		{6A443FA9-A601-4010-B526-4BB0C6EA4C4F}.Debug|x86.ActiveCfg = Debug|Xbox 360
		{6A443FA9-A601-4010-B526-4BB0C6EA4C4F}.Debug|Xbox 360.ActiveCfg = Debug|Xbox 360
		{6A443FA9-A601-4010-B526-4BB0C6EA4C4F}.Debug|Xbox 360.Build.0 = Debug|Xbox 360
		{6A443FA9-A601-4010-B526-4BB0C6EA4C4F}.Release|Mixed Platforms.ActiveCfg = Release|Xbox 360
		{6A443FA9-A601-4010-B526-4BB0C6EA4C4F}.Release|Mixed Platforms.Build.0 = Release|Xbox 360
		{6A443FA9-A601-4010-B526-4BB0C6EA4C4F}.Release|x86.ActiveCfg = Release|Xbox 360
		{6A443FA9-A601-4010-B526-4BB0C6EA4C4F}.Release|Xbox 360.ActiveCfg = Release|Xbox 360
		{6A443FA9-A601-4010-B526-4BB0C6EA4C4F}.Release|Xbox 360.Build.0 = Release|Xbox 360
		{6A443FA9-A601-4010-B526-4BB0C6EA4C4F}.XBoxDebug|Mixed Platforms.ActiveCfg = Debug|Xbox 360
		{6A443FA9-A601-4010-B526-4BB0C6EA4C4F}.XBoxDebug|Mixed Platforms.Build.0 = Debug|Xbox 360
		{6A443FA9-A601-4010-B526-4BB0C6EA4C4F}.XBoxDebug|x86.ActiveCfg = Debug|Xbox 360
		{6A443FA9-A601-4010-B526-4BB0C6EA4C4F}.XBoxDebug|Xbox 360.ActiveCfg = Debug|Xbox 360
		{6A443FA9-A601-4010-B526-4BB0C6EA4C4F}.XBoxDebug|Xbox 360.Build.0 = Debug|Xbox 360
		{F94046AE-9CB2-4A24-9E4D-6542EE5D452D}.Debug|Mixed Platforms.ActiveCfg = Debug|Xbox 360
		{F94046AE-9CB2-4A24-9E4D-6542EE5D452D}.Debug|Mixed Platforms.Build.0 = Debug|Xbox 360
		{F94046AE-9CB2-4A24-9E4D-6542EE5D452D}.Debug|x86.ActiveCfg = Debug|Xbox 360
		{F94046AE-9CB2-4A24-9E4D-6542EE5D452D}.Debug|Xbox 360.ActiveCfg = Debug|Xbox 360
		{F94046AE-9CB2-4A24-9E4D-6542EE5D452D}.Debug|Xbox 360.Build.0 = Debug|Xbox 360
		{F94046AE-9CB2-4A24-9E4D-6542EE5D452D}.Release|Mixed Platforms.ActiveCfg = Release|Xbox 360
		{F94046AE-9CB2-4A24-9E4D-6542EE5D452D}.Release|Mixed Platforms.Build.0 = Release|Xbox 360
		{F94046AE-9CB2-4A24-9E4D-6542EE5D452D}.Release|x86.ActiveCfg = Release|Xbox 360
		{F94046AE-9CB2-4A24-9E4D-6542EE5D452D}.Release|Xbox 360.ActiveCfg = Release|Xbox 360
		{F94046AE-9CB2-4A24-9E4D-6542EE5D452D}.Release|Xbox 360.Build.0 = Release|Xbox 360
		{F94046AE-9CB2-4A24-9E4D-6542EE5D452D}.XBoxDebug|Mixed Platforms.ActiveCfg = Debug|Xbox 360
		{F94046AE-9CB2-4A24-9E4D-6542EE5D452D}.XBoxDebug|Mixed Platforms.Build.0 = Debug|Xbox 360
		{F94046AE-9CB2-4A24-9E4D-6542EE5D452D}.XBoxDebug|x86.ActiveCfg = Debug|Xbox 360
		{F94046AE-9CB2-4A24-9E4D-6542EE5D452D}.XBoxDebug|Xbox 360.ActiveCfg = Debug|Xbox 360
		{F94046AE-9CB2-4A24-9E4D-6542EE5D452D}.XBoxDebug|Xbox 360.Build.0 = Debug|Xbox 360
		{287800C7-6B69-4877-B186-08D021C6393D}.Debug|Mixed Platforms.ActiveCfg = Debug|Xbox 360
		{287800C7-6B69-4877-B186-08D021C6393D}.Debug|Mixed Platforms.Build.0 = Debug|Xbox 360
		{287800C7-6B69-4877-B186-08D021C6393D}.Debug|Mixed Platforms.Deploy.0 = Debug|Xbox 360
		{287800C7-6B69-4877-B186-08D021C6393D}.Debug|x86.ActiveCfg = Debug|Xbox 360
		{287800C7-6B69-4877-B186-08D021C6393D}.Debug|Xbox 360.ActiveCfg = Debug|Xbox 360
		{287800C7-6B69-4877-B186-08D021C6393D}.Debug|Xbox 360.Build.0 = Debug|Xbox 360
		{287800C7-6B69-4877-B186-08D021C6393D}.Debug|Xbox 360.Deploy.0 = Debug|Xbox 360
		{287800C7-6B69-4877-B186-08D021C6393D}.Release|Mixed Platforms.ActiveCfg = Release|Xbox 360
		{287800C7-6B69-4877-B186-08D021C6393D}.Release|Mixed Platforms.Build.0 = Release|Xbox 360
		{287800C7-6B69-4877-B186-08D021C6393D}.Release|Mixed Platforms.Deploy.0 = Release|Xbox 360
		{287800C7-6B69-4877-B186-08D021C6393D}.Release|x86.ActiveCfg = Release|Xbox 360
		{287800C7-6B69-4877-B186-08D021C6393D}.Release|Xbox 360.ActiveCfg = Release|Xbox 360
		{287800C7-6B69-4877-B186-08D021C6393D}.Release|Xbox 360.Build.0 = Release|Xbox 360
		{287800C7-6B69-4877-B186-08D021C6393D}.Release|Xbox 360.Deploy.0 = Release|Xbox 360
		{287800C7-6B69-4877-B186-08D021C6393D}.XBoxDebug|Mixed Platforms.ActiveCfg = Debug|Xbox 360
		{287800C7-6B69-4877-B186-08D021C6393D}.XBoxDebug|Mixed Platforms.Build.0 = Debug|Xbox 360
		{287800C7-6B69-4877-B186-08D021C6393D}.XBoxDebug|Mixed Platforms.Deploy.0 = Debug|Xbox 360
		{287800C7-6B69-4877-B186-08D021C6393D}.XBoxDebug|x86.ActiveCfg = Debug|Xbox 360
		{287800C7-6B69-4877-B186-08D021C6393D}.XBoxDebug|Xbox 360.ActiveCfg = Debug|Xbox 360
		{287800C7-6B69-4877-B186-08D021C6393D}.XBoxDebug|Xbox 360.Build.0 = Debug|Xbox 360
		{287800C7-6B69-4877-B186-08D021C6393D}.XBoxDebug|Xbox 360.Deploy.0 = Debug|Xbox 360
	EndGlobalSection
	GlobalSection(SolutionProperties) = preSolution
		HideSolutionNode = FALSE
	EndGlobalSection
EndGlobal
